// !$*UTF8*$!
{
	archiveVersion = 1;
	classes = {
	};
	objectVersion = 50;
	objects = {

/* Begin PBXBuildFile section */
		6C0C944D211EB60B0084481F /* GoogleService-Info.plist in Resources */ = {isa = PBXBuildFile; fileRef = 6C0C944C211EB60B0084481F /* GoogleService-Info.plist */; };
		6C0C9453211EB6BD0084481F /* UserCell.swift in Sources */ = {isa = PBXBuildFile; fileRef = 6C0C9452211EB6BD0084481F /* UserCell.swift */; };
		6C0C9455211EB6EF0084481F /* ChatMessageCell.swift in Sources */ = {isa = PBXBuildFile; fileRef = 6C0C9454211EB6EF0084481F /* ChatMessageCell.swift */; };
		6C0C9457211EB7200084481F /* Extensions.swift in Sources */ = {isa = PBXBuildFile; fileRef = 6C0C9456211EB7200084481F /* Extensions.swift */; };
		6C0C9459211EBAAA0084481F /* User.swift in Sources */ = {isa = PBXBuildFile; fileRef = 6C0C9458211EBAAA0084481F /* User.swift */; };
		6C0C945B211EBADC0084481F /* Message.swift in Sources */ = {isa = PBXBuildFile; fileRef = 6C0C945A211EBADC0084481F /* Message.swift */; };
		6C0C945D211EBB700084481F /* LoginController.swift in Sources */ = {isa = PBXBuildFile; fileRef = 6C0C945C211EBB700084481F /* LoginController.swift */; };
		6C0C945F211EBBD20084481F /* LoginController+handlers.swift in Sources */ = {isa = PBXBuildFile; fileRef = 6C0C945E211EBBD20084481F /* LoginController+handlers.swift */; };
		6C0C9461211EBC1D0084481F /* NewMessageController.swift in Sources */ = {isa = PBXBuildFile; fileRef = 6C0C9460211EBC1D0084481F /* NewMessageController.swift */; };
		6C0C9463211EBC5E0084481F /* MessagesController.swift in Sources */ = {isa = PBXBuildFile; fileRef = 6C0C9462211EBC5E0084481F /* MessagesController.swift */; };
		6C0C9465211EBCF30084481F /* ChatLogController.swift in Sources */ = {isa = PBXBuildFile; fileRef = 6C0C9464211EBCF30084481F /* ChatLogController.swift */; };
		6CB3A42B211D882D008B305D /* AppDelegate.swift in Sources */ = {isa = PBXBuildFile; fileRef = 6CB3A42A211D882D008B305D /* AppDelegate.swift */; };
		6CB3A42D211D882D008B305D /* ViewController.swift in Sources */ = {isa = PBXBuildFile; fileRef = 6CB3A42C211D882D008B305D /* ViewController.swift */; };
		6CB3A430211D882D008B305D /* Main.storyboard in Resources */ = {isa = PBXBuildFile; fileRef = 6CB3A42E211D882D008B305D /* Main.storyboard */; };
		6CB3A433211D882D008B305D /* ChatApp.xcdatamodeld in Sources */ = {isa = PBXBuildFile; fileRef = 6CB3A431211D882D008B305D /* ChatApp.xcdatamodeld */; };
		6CB3A435211D882D008B305D /* Assets.xcassets in Resources */ = {isa = PBXBuildFile; fileRef = 6CB3A434211D882D008B305D /* Assets.xcassets */; };
		6CB3A438211D882D008B305D /* LaunchScreen.storyboard in Resources */ = {isa = PBXBuildFile; fileRef = 6CB3A436211D882D008B305D /* LaunchScreen.storyboard */; };
/* End PBXBuildFile section */

/* Begin PBXFileReference section */
		6C0C944C211EB60B0084481F /* GoogleService-Info.plist */ = {isa = PBXFileReference; fileEncoding = 4; lastKnownFileType = text.plist.xml; path = "GoogleService-Info.plist"; sourceTree = "<group>"; };
		6C0C9452211EB6BD0084481F /* UserCell.swift */ = {isa = PBXFileReference; lastKnownFileType = sourcecode.swift; path = UserCell.swift; sourceTree = "<group>"; };
		6C0C9454211EB6EF0084481F /* ChatMessageCell.swift */ = {isa = PBXFileReference; lastKnownFileType = sourcecode.swift; path = ChatMessageCell.swift; sourceTree = "<group>"; };
		6C0C9456211EB7200084481F /* Extensions.swift */ = {isa = PBXFileReference; lastKnownFileType = sourcecode.swift; path = Extensions.swift; sourceTree = "<group>"; };
		6C0C9458211EBAAA0084481F /* User.swift */ = {isa = PBXFileReference; lastKnownFileType = sourcecode.swift; path = User.swift; sourceTree = "<group>"; };
		6C0C945A211EBADC0084481F /* Message.swift */ = {isa = PBXFileReference; lastKnownFileType = sourcecode.swift; path = Message.swift; sourceTree = "<group>"; };
		6C0C945C211EBB700084481F /* LoginController.swift */ = {isa = PBXFileReference; lastKnownFileType = sourcecode.swift; path = LoginController.swift; sourceTree = "<group>"; };
		6C0C945E211EBBD20084481F /* LoginController+handlers.swift */ = {isa = PBXFileReference; lastKnownFileType = sourcecode.swift; path = "LoginController+handlers.swift"; sourceTree = "<group>"; };
		6C0C9460211EBC1D0084481F /* NewMessageController.swift */ = {isa = PBXFileReference; lastKnownFileType = sourcecode.swift; path = NewMessageController.swift; sourceTree = "<group>"; };
		6C0C9462211EBC5E0084481F /* MessagesController.swift */ = {isa = PBXFileReference; lastKnownFileType = sourcecode.swift; path = MessagesController.swift; sourceTree = "<group>"; };
		6C0C9464211EBCF30084481F /* ChatLogController.swift */ = {isa = PBXFileReference; lastKnownFileType = sourcecode.swift; path = ChatLogController.swift; sourceTree = "<group>"; };
		6CB3A427211D882D008B305D /* ChatApp.app */ = {isa = PBXFileReference; explicitFileType = wrapper.application; includeInIndex = 0; path = ChatApp.app; sourceTree = BUILT_PRODUCTS_DIR; };
		6CB3A42A211D882D008B305D /* AppDelegate.swift */ = {isa = PBXFileReference; lastKnownFileType = sourcecode.swift; path = AppDelegate.swift; sourceTree = "<group>"; };
		6CB3A42C211D882D008B305D /* ViewController.swift */ = {isa = PBXFileReference; lastKnownFileType = sourcecode.swift; path = ViewController.swift; sourceTree = "<group>"; };
		6CB3A42F211D882D008B305D /* Base */ = {isa = PBXFileReference; lastKnownFileType = file.storyboard; name = Base; path = Base.lproj/Main.storyboard; sourceTree = "<group>"; };
		6CB3A432211D882D008B305D /* ChatApp.xcdatamodel */ = {isa = PBXFileReference; lastKnownFileType = wrapper.xcdatamodel; path = ChatApp.xcdatamodel; sourceTree = "<group>"; };
		6CB3A434211D882D008B305D /* Assets.xcassets */ = {isa = PBXFileReference; lastKnownFileType = folder.assetcatalog; path = Assets.xcassets; sourceTree = "<group>"; };
		6CB3A437211D882D008B305D /* Base */ = {isa = PBXFileReference; lastKnownFileType = file.storyboard; name = Base; path = Base.lproj/LaunchScreen.storyboard; sourceTree = "<group>"; };
		6CB3A439211D882D008B305D /* Info.plist */ = {isa = PBXFileReference; lastKnownFileType = text.plist.xml; path = Info.plist; sourceTree = "<group>"; };
/* End PBXFileReference section */

/* Begin PBXFrameworksBuildPhase section */
		6CB3A424211D882D008B305D /* Frameworks */ = {
			isa = PBXFrameworksBuildPhase;
			buildActionMask = 2147483647;
			files = (
			);
			runOnlyForDeploymentPostprocessing = 0;
		};
/* End PBXFrameworksBuildPhase section */

/* Begin PBXGroup section */
		6C0C944E211EB61C0084481F /* View */ = {
			isa = PBXGroup;
			children = (
				6C0C9452211EB6BD0084481F /* UserCell.swift */,
				6C0C9454211EB6EF0084481F /* ChatMessageCell.swift */,
			);
			path = View;
			sourceTree = "<group>";
		};
		6C0C944F211EB6260084481F /* Helpers */ = {
			isa = PBXGroup;
			children = (
				6C0C9456211EB7200084481F /* Extensions.swift */,
			);
			path = Helpers;
			sourceTree = "<group>";
		};
		6C0C9450211EB63A0084481F /* Model */ = {
			isa = PBXGroup;
			children = (
				6C0C9458211EBAAA0084481F /* User.swift */,
				6C0C945A211EBADC0084481F /* Message.swift */,
			);
			path = Model;
			sourceTree = "<group>";
		};
		6C0C9451211EB64F0084481F /* Conrollers */ = {
			isa = PBXGroup;
			children = (
				6C0C9464211EBCF30084481F /* ChatLogController.swift */,
				6C0C9462211EBC5E0084481F /* MessagesController.swift */,
				6C0C9460211EBC1D0084481F /* NewMessageController.swift */,
				6C0C945E211EBBD20084481F /* LoginController+handlers.swift */,
				6C0C945C211EBB700084481F /* LoginController.swift */,
			);
			path = Conrollers;
			sourceTree = "<group>";
		};
		6CB3A41E211D882D008B305D = {
			isa = PBXGroup;
			children = (
				6CB3A429211D882D008B305D /* ChatApp */,
				6CB3A428211D882D008B305D /* Products */,
			);
			sourceTree = "<group>";
		};
		6CB3A428211D882D008B305D /* Products */ = {
			isa = PBXGroup;
			children = (
				6CB3A427211D882D008B305D /* ChatApp.app */,
			);
			name = Products;
			sourceTree = "<group>";
		};
		6CB3A429211D882D008B305D /* ChatApp */ = {
			isa = PBXGroup;
			children = (
				6C0C944E211EB61C0084481F /* View */,
				6C0C944F211EB6260084481F /* Helpers */,
				6C0C9450211EB63A0084481F /* Model */,
				6C0C9451211EB64F0084481F /* Conrollers */,
				6CB3A42A211D882D008B305D /* AppDelegate.swift */,
				6CB3A42C211D882D008B305D /* ViewController.swift */,
				6CB3A42E211D882D008B305D /* Main.storyboard */,
				6CB3A434211D882D008B305D /* Assets.xcassets */,
				6C0C944C211EB60B0084481F /* GoogleService-Info.plist */,
				6CB3A436211D882D008B305D /* LaunchScreen.storyboard */,
				6CB3A439211D882D008B305D /* Info.plist */,
				6CB3A431211D882D008B305D /* ChatApp.xcdatamodeld */,
			);
			path = ChatApp;
			sourceTree = "<group>";
		};
/* End PBXGroup section */

/* Begin PBXNativeTarget section */
		6CB3A426211D882D008B305D /* ChatApp */ = {
			isa = PBXNativeTarget;
			buildConfigurationList = 6CB3A43C211D882D008B305D /* Build configuration list for PBXNativeTarget "ChatApp" */;
			buildPhases = (
				6CB3A423211D882D008B305D /* Sources */,
				6CB3A424211D882D008B305D /* Frameworks */,
				6CB3A425211D882D008B305D /* Resources */,
			);
			buildRules = (
			);
			dependencies = (
			);
			name = ChatApp;
			productName = ChatApp;
			productReference = 6CB3A427211D882D008B305D /* ChatApp.app */;
			productType = "com.apple.product-type.application";
		};
/* End PBXNativeTarget section */

/* Begin PBXProject section */
		6CB3A41F211D882D008B305D /* Project object */ = {
			isa = PBXProject;
			attributes = {
				LastSwiftUpdateCheck = 0940;
				LastUpgradeCheck = 0940;
				ORGANIZATIONNAME = "Вячеслав Лойе";
				TargetAttributes = {
					6CB3A426211D882D008B305D = {
						CreatedOnToolsVersion = 9.4.1;
					};
				};
			};
			buildConfigurationList = 6CB3A422211D882D008B305D /* Build configuration list for PBXProject "ChatApp" */;
			compatibilityVersion = "Xcode 9.3";
			developmentRegion = en;
			hasScannedForEncodings = 0;
			knownRegions = (
				en,
				Base,
			);
			mainGroup = 6CB3A41E211D882D008B305D;
			productRefGroup = 6CB3A428211D882D008B305D /* Products */;
			projectDirPath = "";
			projectRoot = "";
			targets = (
				6CB3A426211D882D008B305D /* ChatApp */,
			);
		};
/* End PBXProject section */

/* Begin PBXResourcesBuildPhase section */
		6CB3A425211D882D008B305D /* Resources */ = {
			isa = PBXResourcesBuildPhase;
			buildActionMask = 2147483647;
			files = (
				6CB3A438211D882D008B305D /* LaunchScreen.storyboard in Resources */,
				6C0C944D211EB60B0084481F /* GoogleService-Info.plist in Resources */,
				6CB3A435211D882D008B305D /* Assets.xcassets in Resources */,
				6CB3A430211D882D008B305D /* Main.storyboard in Resources */,
			);
			runOnlyForDeploymentPostprocessing = 0;
		};
/* End PBXResourcesBuildPhase section */

/* Begin PBXSourcesBuildPhase section */
		6CB3A423211D882D008B305D /* Sources */ = {
			isa = PBXSourcesBuildPhase;
			buildActionMask = 2147483647;
			files = (
				6C0C9453211EB6BD0084481F /* UserCell.swift in Sources */,
				6C0C9457211EB7200084481F /* Extensions.swift in Sources */,
				6C0C9455211EB6EF0084481F /* ChatMessageCell.swift in Sources */,
				6C0C9461211EBC1D0084481F /* NewMessageController.swift in Sources */,
				6CB3A433211D882D008B305D /* ChatApp.xcdatamodeld in Sources */,
				6C0C945F211EBBD20084481F /* LoginController+handlers.swift in Sources */,
				6C0C945D211EBB700084481F /* LoginController.swift in Sources */,
				6CB3A42D211D882D008B305D /* ViewController.swift in Sources */,
				6C0C945B211EBADC0084481F /* Message.swift in Sources */,
				6CB3A42B211D882D008B305D /* AppDelegate.swift in Sources */,
				6C0C9459211EBAAA0084481F /* User.swift in Sources */,
				6C0C9465211EBCF30084481F /* ChatLogController.swift in Sources */,
				6C0C9463211EBC5E0084481F /* MessagesController.swift in Sources */,
			);
			runOnlyForDeploymentPostprocessing = 0;
		};
/* End PBXSourcesBuildPhase section */

/* Begin PBXVariantGroup section */
		6CB3A42E211D882D008B305D /* Main.storyboard */ = {
			isa = PBXVariantGroup;
			children = (
				6CB3A42F211D882D008B305D /* Base */,
			);
			name = Main.storyboard;
			sourceTree = "<group>";
		};
		6CB3A436211D882D008B305D /* LaunchScreen.storyboard */ = {
			isa = PBXVariantGroup;
			children = (
				6CB3A437211D882D008B305D /* Base */,
			);
			name = LaunchScreen.storyboard;
			sourceTree = "<group>";
		};
/* End PBXVariantGroup section */

/* Begin XCBuildConfiguration section */
		6CB3A43A211D882D008B305D /* Debug */ = {
			isa = XCBuildConfiguration;
			buildSettings = {
				ALWAYS_SEARCH_USER_PATHS = NO;
				CLANG_ANALYZER_NONNULL = YES;
				CLANG_ANALYZER_NUMBER_OBJECT_CONVERSION = YES_AGGRESSIVE;
				CLANG_CXX_LANGUAGE_STANDARD = "gnu++14";
				CLANG_CXX_LIBRARY = "libc++";
				CLANG_ENABLE_MODULES = YES;
				CLANG_ENABLE_OBJC_ARC = YES;
				CLANG_ENABLE_OBJC_WEAK = YES;
				CLANG_WARN_BLOCK_CAPTURE_AUTORELEASING = YES;
				CLANG_WARN_BOOL_CONVERSION = YES;
				CLANG_WARN_COMMA = YES;
				CLANG_WARN_CONSTANT_CONVERSION = YES;
				CLANG_WARN_DEPRECATED_OBJC_IMPLEMENTATIONS = YES;
				CLANG_WARN_DIRECT_OBJC_ISA_USAGE = YES_ERROR;
				CLANG_WARN_DOCUMENTATION_COMMENTS = YES;
				CLANG_WARN_EMPTY_BODY = YES;
				CLANG_WARN_ENUM_CONVERSION = YES;
				CLANG_WARN_INFINITE_RECURSION = YES;
				CLANG_WARN_INT_CONVERSION = YES;
				CLANG_WARN_NON_LITERAL_NULL_CONVERSION = YES;
				CLANG_WARN_OBJC_IMPLICIT_RETAIN_SELF = YES;
				CLANG_WARN_OBJC_LITERAL_CONVERSION = YES;
				CLANG_WARN_OBJC_ROOT_CLASS = YES_ERROR;
				CLANG_WARN_RANGE_LOOP_ANALYSIS = YES;
				CLANG_WARN_STRICT_PROTOTYPES = YES;
				CLANG_WARN_SUSPICIOUS_MOVE = YES;
				CLANG_WARN_UNGUARDED_AVAILABILITY = YES_AGGRESSIVE;
				CLANG_WARN_UNREACHABLE_CODE = YES;
				CLANG_WARN__DUPLICATE_METHOD_MATCH = YES;
				CODE_SIGN_IDENTITY = "iPhone Developer";
				COPY_PHASE_STRIP = NO;
				DEBUG_INFORMATION_FORMAT = dwarf;
				ENABLE_STRICT_OBJC_MSGSEND = YES;
				ENABLE_TESTABILITY = YES;
				GCC_C_LANGUAGE_STANDARD = gnu11;
				GCC_DYNAMIC_NO_PIC = NO;
				GCC_NO_COMMON_BLOCKS = YES;
				GCC_OPTIMIZATION_LEVEL = 0;
				GCC_PREPROCESSOR_DEFINITIONS = (
					"DEBUG=1",
					"$(inherited)",
				);
				GCC_WARN_64_TO_32_BIT_CONVERSION = YES;
				GCC_WARN_ABOUT_RETURN_TYPE = YES_ERROR;
				GCC_WARN_UNDECLARED_SELECTOR = YES;
				GCC_WARN_UNINITIALIZED_AUTOS = YES_AGGRESSIVE;
				GCC_WARN_UNUSED_FUNCTION = YES;
				GCC_WARN_UNUSED_VARIABLE = YES;
				IPHONEOS_DEPLOYMENT_TARGET = 11.4;
				MTL_ENABLE_DEBUG_INFO = YES;
				ONLY_ACTIVE_ARCH = YES;
				SDKROOT = iphoneos;
				SWIFT_ACTIVE_COMPILATION_CONDITIONS = DEBUG;
				SWIFT_OPTIMIZATION_LEVEL = "-Onone";
			};
			name = Debug;
		};
		6CB3A43B211D882D008B305D /* Release */ = {
			isa = XCBuildConfiguration;
			buildSettings = {
				ALWAYS_SEARCH_USER_PATHS = NO;
				CLANG_ANALYZER_NONNULL = YES;
				CLANG_ANALYZER_NUMBER_OBJECT_CONVERSION = YES_AGGRESSIVE;
				CLANG_CXX_LANGUAGE_STANDARD = "gnu++14";
				CLANG_CXX_LIBRARY = "libc++";
				CLANG_ENABLE_MODULES = YES;
				CLANG_ENABLE_OBJC_ARC = YES;
				CLANG_ENABLE_OBJC_WEAK = YES;
				CLANG_WARN_BLOCK_CAPTURE_AUTORELEASING = YES;
				CLANG_WARN_BOOL_CONVERSION = YES;
				CLANG_WARN_COMMA = YES;
				CLANG_WARN_CONSTANT_CONVERSION = YES;
				CLANG_WARN_DEPRECATED_OBJC_IMPLEMENTATIONS = YES;
				CLANG_WARN_DIRECT_OBJC_ISA_USAGE = YES_ERROR;
				CLANG_WARN_DOCUMENTATION_COMMENTS = YES;
				CLANG_WARN_EMPTY_BODY = YES;
				CLANG_WARN_ENUM_CONVERSION = YES;
				CLANG_WARN_INFINITE_RECURSION = YES;
				CLANG_WARN_INT_CONVERSION = YES;
				CLANG_WARN_NON_LITERAL_NULL_CONVERSION = YES;
				CLANG_WARN_OBJC_IMPLICIT_RETAIN_SELF = YES;
				CLANG_WARN_OBJC_LITERAL_CONVERSION = YES;
				CLANG_WARN_OBJC_ROOT_CLASS = YES_ERROR;
				CLANG_WARN_RANGE_LOOP_ANALYSIS = YES;
				CLANG_WARN_STRICT_PROTOTYPES = YES;
				CLANG_WARN_SUSPICIOUS_MOVE = YES;
				CLANG_WARN_UNGUARDED_AVAILABILITY = YES_AGGRESSIVE;
				CLANG_WARN_UNREACHABLE_CODE = YES;
				CLANG_WARN__DUPLICATE_METHOD_MATCH = YES;
				CODE_SIGN_IDENTITY = "iPhone Developer";
				COPY_PHASE_STRIP = NO;
				DEBUG_INFORMATION_FORMAT = "dwarf-with-dsym";
				ENABLE_NS_ASSERTIONS = NO;
				ENABLE_STRICT_OBJC_MSGSEND = YES;
				GCC_C_LANGUAGE_STANDARD = gnu11;
				GCC_NO_COMMON_BLOCKS = YES;
				GCC_WARN_64_TO_32_BIT_CONVERSION = YES;
				GCC_WARN_ABOUT_RETURN_TYPE = YES_ERROR;
				GCC_WARN_UNDECLARED_SELECTOR = YES;
				GCC_WARN_UNINITIALIZED_AUTOS = YES_AGGRESSIVE;
				GCC_WARN_UNUSED_FUNCTION = YES;
				GCC_WARN_UNUSED_VARIABLE = YES;
				IPHONEOS_DEPLOYMENT_TARGET = 11.4;
				MTL_ENABLE_DEBUG_INFO = NO;
				SDKROOT = iphoneos;
				SWIFT_COMPILATION_MODE = wholemodule;
				SWIFT_OPTIMIZATION_LEVEL = "-O";
				VALIDATE_PRODUCT = YES;
			};
			name = Release;
		};
		6CB3A43D211D882D008B305D /* Debug */ = {
			isa = XCBuildConfiguration;
			buildSettings = {
				ASSETCATALOG_COMPILER_APPICON_NAME = AppIcon;
				CODE_SIGN_STYLE = Automatic;
				DEVELOPMENT_TEAM = G9EVQJ4C2M;
				INFOPLIST_FILE = ChatApp/Info.plist;
				LD_RUNPATH_SEARCH_PATHS = (
					"$(inherited)",
					"@executable_path/Frameworks",
				);
				PRODUCT_BUNDLE_IDENTIFIER = com.ChatApp;
				PRODUCT_NAME = "$(TARGET_NAME)";
				SWIFT_VERSION = 4.0;
				TARGETED_DEVICE_FAMILY = "1,2";
			};
			name = Debug;
		};
		6CB3A43E211D882D008B305D /* Release */ = {
			isa = XCBuildConfiguration;
			buildSettings = {
				ASSETCATALOG_COMPILER_APPICON_NAME = AppIcon;
				CODE_SIGN_STYLE = Automatic;
				DEVELOPMENT_TEAM = G9EVQJ4C2M;
				INFOPLIST_FILE = ChatApp/Info.plist;
				LD_RUNPATH_SEARCH_PATHS = (
					"$(inherited)",
					"@executable_path/Frameworks",
				);
				PRODUCT_BUNDLE_IDENTIFIER = com.ChatApp;
				PRODUCT_NAME = "$(TARGET_NAME)";
				SWIFT_VERSION = 4.0;
				TARGETED_DEVICE_FAMILY = "1,2";
			};
			name = Release;
		};
/* End XCBuildConfiguration section */

/* Begin XCConfigurationList section */
		6CB3A422211D882D008B305D /* Build configuration list for PBXProject "ChatApp" */ = {
			isa = XCConfigurationList;
			buildConfigurations = (
				6CB3A43A211D882D008B305D /* Debug */,
				6CB3A43B211D882D008B305D /* Release */,
			);
			defaultConfigurationIsVisible = 0;
			defaultConfigurationName = Release;
		};
		6CB3A43C211D882D008B305D /* Build configuration list for PBXNativeTarget "ChatApp" */ = {
			isa = XCConfigurationList;
			buildConfigurations = (
				6CB3A43D211D882D008B305D /* Debug */,
				6CB3A43E211D882D008B305D /* Release */,
			);
			defaultConfigurationIsVisible = 0;
			defaultConfigurationName = Release;
		};
/* End XCConfigurationList section */

/* Begin XCVersionGroup section */
		6CB3A431211D882D008B305D /* ChatApp.xcdatamodeld */ = {
			isa = XCVersionGroup;
			children = (
				6CB3A432211D882D008B305D /* ChatApp.xcdatamodel */,
			);
			currentVersion = 6CB3A432211D882D008B305D /* ChatApp.xcdatamodel */;
			path = ChatApp.xcdatamodeld;
			sourceTree = "<group>";
			versionGroupType = wrapper.xcdatamodel;
		};
/* End XCVersionGroup section */
	};
	rootObject = 6CB3A41F211D882D008B305D /* Project object */;
}
